
Microsoft Visual Studio Solution File, Format Version 12.00
# Visual Studio Version 17
VisualStudioVersion = 17.13.35931.197 d17.13
MinimumVisualStudioVersion = 10.0.40219.1
Project("{FAE04EC0-301F-11D3-BF4B-00C04F79EFBC}") = "DemoExam", "DemoExam\DemoExam.csproj", "{CAE07CEE-DCEC-4F4A-8490-66E3F41ACB67}"
EndProject
Global
	GlobalSection(SolutionConfigurationPlatforms) = preSolution
		Debug|Any CPU = Debug|Any CPU
		Release|Any CPU = Release|Any CPU
	EndGlobalSection
	GlobalSection(ProjectConfigurationPlatforms) = postSolution
		{CAE07CEE-DCEC-4F4A-8490-66E3F41ACB67}.Debug|Any CPU.ActiveCfg = Debug|Any CPU
		{CAE07CEE-DCEC-4F4A-8490-66E3F41ACB67}.Debug|Any CPU.Build.0 = Debug|Any CPU
		{CAE07CEE-DCEC-4F4A-8490-66E3F41ACB67}.Release|Any CPU.ActiveCfg = Release|Any CPU
		{CAE07CEE-DCEC-4F4A-8490-66E3F41ACB67}.Release|Any CPU.Build.0 = Release|Any CPU
	EndGlobalSection
	GlobalSection(SolutionProperties) = preSolution
		HideSolutionNode = FALSE
	EndGlobalSection
	GlobalSection(ExtensibilityGlobals) = postSolution
		SolutionGuid = {F55126A6-5D1B-4610-A5E4-86BC4D4F48E6}
	EndGlobalSection
EndGlobal
